// !$*UTF8*$!
{
	archiveVersion = 1;
	classes = {
	};
	objectVersion = 46;
	objects = {

/* Begin PBXBuildFile section */
		1E904CB6187F713C003C4105 /* CoreDataModel.xcdatamodeld in Sources */ = {isa = PBXBuildFile; fileRef = 1E904C95187F713C003C4105 /* CoreDataModel.xcdatamodeld */; };
		1E904CB7187F713C003C4105 /* DayModel.m in Sources */ = {isa = PBXBuildFile; fileRef = 1E904C98187F713C003C4105 /* DayModel.m */; };
		1E904CB8187F713C003C4105 /* PontoModel.m in Sources */ = {isa = PBXBuildFile; fileRef = 1E904C9A187F713C003C4105 /* PontoModel.m */; };
		1E904CB9187F713C003C4105 /* DayView.m in Sources */ = {isa = PBXBuildFile; fileRef = 1E904C9D187F713C003C4105 /* DayView.m */; };
		1E904CBA187F713C003C4105 /* DayView.xib in Resources */ = {isa = PBXBuildFile; fileRef = 1E904C9E187F713C003C4105 /* DayView.xib */; };
		1E904CBB187F713C003C4105 /* PontoCell.m in Sources */ = {isa = PBXBuildFile; fileRef = 1E904CA1187F713C003C4105 /* PontoCell.m */; };
		1E904CBC187F713C003C4105 /* PontoCell.xib in Resources */ = {isa = PBXBuildFile; fileRef = 1E904CA2187F713C003C4105 /* PontoCell.xib */; };
		1E904CBD187F713C003C4105 /* MainViewController.m in Sources */ = {isa = PBXBuildFile; fileRef = 1E904CA5187F713C003C4105 /* MainViewController.m */; };
		1E904CBE187F713C003C4105 /* MainViewController.xib in Resources */ = {isa = PBXBuildFile; fileRef = 1E904CA6187F713C003C4105 /* MainViewController.xib */; };
		1E904CBF187F713C003C4105 /* MonthManager.m in Sources */ = {isa = PBXBuildFile; fileRef = 1E904CA9187F713C003C4105 /* MonthManager.m */; };
		1E904CC0187F713C003C4105 /* PontoManager.m in Sources */ = {isa = PBXBuildFile; fileRef = 1E904CAB187F713C003C4105 /* PontoManager.m */; };
		1E904CC1187F713C003C4105 /* Utils.m in Sources */ = {isa = PBXBuildFile; fileRef = 1E904CAD187F713C003C4105 /* Utils.m */; };
		1E904CC2187F713C003C4105 /* MonthCell.m in Sources */ = {isa = PBXBuildFile; fileRef = 1E904CB1187F713C003C4105 /* MonthCell.m */; };
		1E904CC3187F713C003C4105 /* MonthCell.xib in Resources */ = {isa = PBXBuildFile; fileRef = 1E904CB2187F713C003C4105 /* MonthCell.xib */; };
		1E904CC4187F713C003C4105 /* MonthView.m in Sources */ = {isa = PBXBuildFile; fileRef = 1E904CB4187F713C003C4105 /* MonthView.m */; };
		1E904CC5187F713C003C4105 /* MonthView.xib in Resources */ = {isa = PBXBuildFile; fileRef = 1E904CB5187F713C003C4105 /* MonthView.xib */; };
		1E904CCA187F7151003C4105 /* AppDelegate.m in Sources */ = {isa = PBXBuildFile; fileRef = 1E904CC8187F7151003C4105 /* AppDelegate.m */; };
		1E904CCB187F7151003C4105 /* main.m in Sources */ = {isa = PBXBuildFile; fileRef = 1E904CC9187F7151003C4105 /* main.m */; };
		1E904CD1187F715B003C4105 /* InfoPlist.strings in Resources */ = {isa = PBXBuildFile; fileRef = 1E904CCD187F715B003C4105 /* InfoPlist.strings */; };
		1E98F99A188DE0FC006EC1E5 /* backButton.png in Resources */ = {isa = PBXBuildFile; fileRef = 1E98F994188DE0FC006EC1E5 /* backButton.png */; };
		1E98F99B188DE0FC006EC1E5 /* backButton@2x.png in Resources */ = {isa = PBXBuildFile; fileRef = 1E98F995188DE0FC006EC1E5 /* backButton@2x.png */; };
		1E98F99C188DE0FC006EC1E5 /* topBar@2x.png in Resources */ = {isa = PBXBuildFile; fileRef = 1E98F996188DE0FC006EC1E5 /* topBar@2x.png */; };
		1E98F99D188DE0FC006EC1E5 /* button@2x.png in Resources */ = {isa = PBXBuildFile; fileRef = 1E98F997188DE0FC006EC1E5 /* button@2x.png */; };
		1E98F99E188DE0FC006EC1E5 /* button.png in Resources */ = {isa = PBXBuildFile; fileRef = 1E98F998188DE0FC006EC1E5 /* button.png */; };
		1E98F99F188DE0FC006EC1E5 /* topBar.png in Resources */ = {isa = PBXBuildFile; fileRef = 1E98F999188DE0FC006EC1E5 /* topBar.png */; };
		1E98F9A1188DF010006EC1E5 /* textFieldBg.png in Resources */ = {isa = PBXBuildFile; fileRef = 1E98F9A0188DF00F006EC1E5 /* textFieldBg.png */; };
		1E98F9A4188DF370006EC1E5 /* bg.png in Resources */ = {isa = PBXBuildFile; fileRef = 1E98F9A2188DF36F006EC1E5 /* bg.png */; };
		1E98F9A5188DF371006EC1E5 /* bg@2x.png in Resources */ = {isa = PBXBuildFile; fileRef = 1E98F9A3188DF370006EC1E5 /* bg@2x.png */; };
		1E98F9A7188DF6F9006EC1E5 /* cellBg.png in Resources */ = {isa = PBXBuildFile; fileRef = 1E98F9A6188DF6F9006EC1E5 /* cellBg.png */; };
		1EA80A0F187F8B710056E299 /* baseBar.png in Resources */ = {isa = PBXBuildFile; fileRef = 1EA80A09187F8B710056E299 /* baseBar.png */; };
		1EA80A10187F8B710056E299 /* baseBar@2x.png in Resources */ = {isa = PBXBuildFile; fileRef = 1EA80A0A187F8B710056E299 /* baseBar@2x.png */; };
		1EA80A11187F8B710056E299 /* clock.png in Resources */ = {isa = PBXBuildFile; fileRef = 1EA80A0B187F8B710056E299 /* clock.png */; };
		1EA80A12187F8B710056E299 /* clock@2x.png in Resources */ = {isa = PBXBuildFile; fileRef = 1EA80A0C187F8B710056E299 /* clock@2x.png */; };
		1EA80A13187F8B710056E299 /* list.png in Resources */ = {isa = PBXBuildFile; fileRef = 1EA80A0D187F8B710056E299 /* list.png */; };
		1EA80A14187F8B710056E299 /* list@2x.png in Resources */ = {isa = PBXBuildFile; fileRef = 1EA80A0E187F8B710056E299 /* list@2x.png */; };
		1EB759F7186500CC00845DCE /* Foundation.framework in Frameworks */ = {isa = PBXBuildFile; fileRef = 1EB759F6186500CC00845DCE /* Foundation.framework */; };
		1EB759F9186500CC00845DCE /* CoreGraphics.framework in Frameworks */ = {isa = PBXBuildFile; fileRef = 1EB759F8186500CC00845DCE /* CoreGraphics.framework */; };
		1EB759FB186500CC00845DCE /* UIKit.framework in Frameworks */ = {isa = PBXBuildFile; fileRef = 1EB759FA186500CC00845DCE /* UIKit.framework */; };
		1EB75A3718651E3800845DCE /* CoreData.framework in Frameworks */ = {isa = PBXBuildFile; fileRef = 1EB75A3618651E3800845DCE /* CoreData.framework */; };
/* End PBXBuildFile section */

/* Begin PBXFileReference section */
		1E904C96187F713C003C4105 /* CoreDataModel.xcdatamodel */ = {isa = PBXFileReference; lastKnownFileType = wrapper.xcdatamodel; path = CoreDataModel.xcdatamodel; sourceTree = "<group>"; };
		1E904C97187F713C003C4105 /* DayModel.h */ = {isa = PBXFileReference; fileEncoding = 4; lastKnownFileType = sourcecode.c.h; path = DayModel.h; sourceTree = "<group>"; };
		1E904C98187F713C003C4105 /* DayModel.m */ = {isa = PBXFileReference; fileEncoding = 4; lastKnownFileType = sourcecode.c.objc; path = DayModel.m; sourceTree = "<group>"; };
		1E904C99187F713C003C4105 /* PontoModel.h */ = {isa = PBXFileReference; fileEncoding = 4; lastKnownFileType = sourcecode.c.h; path = PontoModel.h; sourceTree = "<group>"; };
		1E904C9A187F713C003C4105 /* PontoModel.m */ = {isa = PBXFileReference; fileEncoding = 4; lastKnownFileType = sourcecode.c.objc; path = PontoModel.m; sourceTree = "<group>"; };
		1E904C9C187F713C003C4105 /* DayView.h */ = {isa = PBXFileReference; fileEncoding = 4; lastKnownFileType = sourcecode.c.h; path = DayView.h; sourceTree = "<group>"; };
		1E904C9D187F713C003C4105 /* DayView.m */ = {isa = PBXFileReference; fileEncoding = 4; lastKnownFileType = sourcecode.c.objc; path = DayView.m; sourceTree = "<group>"; };
		1E904C9E187F713C003C4105 /* DayView.xib */ = {isa = PBXFileReference; fileEncoding = 4; lastKnownFileType = file.xib; path = DayView.xib; sourceTree = "<group>"; };
		1E904CA0187F713C003C4105 /* PontoCell.h */ = {isa = PBXFileReference; fileEncoding = 4; lastKnownFileType = sourcecode.c.h; path = PontoCell.h; sourceTree = "<group>"; };
		1E904CA1187F713C003C4105 /* PontoCell.m */ = {isa = PBXFileReference; fileEncoding = 4; lastKnownFileType = sourcecode.c.objc; path = PontoCell.m; sourceTree = "<group>"; };
		1E904CA2187F713C003C4105 /* PontoCell.xib */ = {isa = PBXFileReference; fileEncoding = 4; lastKnownFileType = file.xib; path = PontoCell.xib; sourceTree = "<group>"; };
		1E904CA4187F713C003C4105 /* MainViewController.h */ = {isa = PBXFileReference; fileEncoding = 4; lastKnownFileType = sourcecode.c.h; path = MainViewController.h; sourceTree = "<group>"; };
		1E904CA5187F713C003C4105 /* MainViewController.m */ = {isa = PBXFileReference; fileEncoding = 4; lastKnownFileType = sourcecode.c.objc; path = MainViewController.m; sourceTree = "<group>"; };
		1E904CA6187F713C003C4105 /* MainViewController.xib */ = {isa = PBXFileReference; fileEncoding = 4; lastKnownFileType = file.xib; path = MainViewController.xib; sourceTree = "<group>"; };
		1E904CA8187F713C003C4105 /* MonthManager.h */ = {isa = PBXFileReference; fileEncoding = 4; lastKnownFileType = sourcecode.c.h; path = MonthManager.h; sourceTree = "<group>"; };
		1E904CA9187F713C003C4105 /* MonthManager.m */ = {isa = PBXFileReference; fileEncoding = 4; lastKnownFileType = sourcecode.c.objc; path = MonthManager.m; sourceTree = "<group>"; };
		1E904CAA187F713C003C4105 /* PontoManager.h */ = {isa = PBXFileReference; fileEncoding = 4; lastKnownFileType = sourcecode.c.h; path = PontoManager.h; sourceTree = "<group>"; };
		1E904CAB187F713C003C4105 /* PontoManager.m */ = {isa = PBXFileReference; fileEncoding = 4; lastKnownFileType = sourcecode.c.objc; path = PontoManager.m; sourceTree = "<group>"; };
		1E904CAC187F713C003C4105 /* Utils.h */ = {isa = PBXFileReference; fileEncoding = 4; lastKnownFileType = sourcecode.c.h; path = Utils.h; sourceTree = "<group>"; };
		1E904CAD187F713C003C4105 /* Utils.m */ = {isa = PBXFileReference; fileEncoding = 4; lastKnownFileType = sourcecode.c.objc; path = Utils.m; sourceTree = "<group>"; };
		1E904CB0187F713C003C4105 /* MonthCell.h */ = {isa = PBXFileReference; fileEncoding = 4; lastKnownFileType = sourcecode.c.h; path = MonthCell.h; sourceTree = "<group>"; };
		1E904CB1187F713C003C4105 /* MonthCell.m */ = {isa = PBXFileReference; fileEncoding = 4; lastKnownFileType = sourcecode.c.objc; path = MonthCell.m; sourceTree = "<group>"; };
		1E904CB2187F713C003C4105 /* MonthCell.xib */ = {isa = PBXFileReference; fileEncoding = 4; lastKnownFileType = file.xib; path = MonthCell.xib; sourceTree = "<group>"; };
		1E904CB3187F713C003C4105 /* MonthView.h */ = {isa = PBXFileReference; fileEncoding = 4; lastKnownFileType = sourcecode.c.h; path = MonthView.h; sourceTree = "<group>"; };
		1E904CB4187F713C003C4105 /* MonthView.m */ = {isa = PBXFileReference; fileEncoding = 4; lastKnownFileType = sourcecode.c.objc; path = MonthView.m; sourceTree = "<group>"; };
		1E904CB5187F713C003C4105 /* MonthView.xib */ = {isa = PBXFileReference; fileEncoding = 4; lastKnownFileType = file.xib; path = MonthView.xib; sourceTree = "<group>"; };
		1E904CC7187F7151003C4105 /* AppDelegate.h */ = {isa = PBXFileReference; fileEncoding = 4; lastKnownFileType = sourcecode.c.h; name = AppDelegate.h; path = Ponto/Ponto/AppDelegate.h; sourceTree = "<group>"; };
		1E904CC8187F7151003C4105 /* AppDelegate.m */ = {isa = PBXFileReference; fileEncoding = 4; lastKnownFileType = sourcecode.c.objc; name = AppDelegate.m; path = Ponto/Ponto/AppDelegate.m; sourceTree = "<group>"; };
		1E904CC9187F7151003C4105 /* main.m */ = {isa = PBXFileReference; fileEncoding = 4; lastKnownFileType = sourcecode.c.objc; name = main.m; path = Ponto/Ponto/main.m; sourceTree = "<group>"; };
		1E904CCE187F715B003C4105 /* en */ = {isa = PBXFileReference; lastKnownFileType = text.plist.strings; name = en; path = InfoPlist.strings; sourceTree = "<group>"; };
		1E904CCF187F715B003C4105 /* Ponto-Info.plist */ = {isa = PBXFileReference; fileEncoding = 4; lastKnownFileType = text.plist.xml; name = "Ponto-Info.plist"; path = "Ponto/Ponto/Ponto-Info.plist"; sourceTree = "<group>"; };
		1E904CD0187F715B003C4105 /* Ponto-Prefix.pch */ = {isa = PBXFileReference; fileEncoding = 4; lastKnownFileType = sourcecode.c.h; name = "Ponto-Prefix.pch"; path = "Ponto/Ponto/Ponto-Prefix.pch"; sourceTree = "<group>"; };
		1E98F994188DE0FC006EC1E5 /* backButton.png */ = {isa = PBXFileReference; lastKnownFileType = image.png; path = backButton.png; sourceTree = "<group>"; };
		1E98F995188DE0FC006EC1E5 /* backButton@2x.png */ = {isa = PBXFileReference; lastKnownFileType = image.png; path = "backButton@2x.png"; sourceTree = "<group>"; };
		1E98F996188DE0FC006EC1E5 /* topBar@2x.png */ = {isa = PBXFileReference; lastKnownFileType = image.png; path = "topBar@2x.png"; sourceTree = "<group>"; };
		1E98F997188DE0FC006EC1E5 /* button@2x.png */ = {isa = PBXFileReference; lastKnownFileType = image.png; path = "button@2x.png"; sourceTree = "<group>"; };
		1E98F998188DE0FC006EC1E5 /* button.png */ = {isa = PBXFileReference; lastKnownFileType = image.png; path = button.png; sourceTree = "<group>"; };
		1E98F999188DE0FC006EC1E5 /* topBar.png */ = {isa = PBXFileReference; lastKnownFileType = image.png; path = topBar.png; sourceTree = "<group>"; };
		1E98F9A0188DF00F006EC1E5 /* textFieldBg.png */ = {isa = PBXFileReference; lastKnownFileType = image.png; path = textFieldBg.png; sourceTree = "<group>"; };
		1E98F9A2188DF36F006EC1E5 /* bg.png */ = {isa = PBXFileReference; lastKnownFileType = image.png; path = bg.png; sourceTree = "<group>"; };
		1E98F9A3188DF370006EC1E5 /* bg@2x.png */ = {isa = PBXFileReference; lastKnownFileType = image.png; path = "bg@2x.png"; sourceTree = "<group>"; };
		1E98F9A6188DF6F9006EC1E5 /* cellBg.png */ = {isa = PBXFileReference; lastKnownFileType = image.png; path = cellBg.png; sourceTree = "<group>"; };
		1EA80A09187F8B710056E299 /* baseBar.png */ = {isa = PBXFileReference; lastKnownFileType = image.png; path = baseBar.png; sourceTree = "<group>"; };
		1EA80A0A187F8B710056E299 /* baseBar@2x.png */ = {isa = PBXFileReference; lastKnownFileType = image.png; path = "baseBar@2x.png"; sourceTree = "<group>"; };
		1EA80A0B187F8B710056E299 /* clock.png */ = {isa = PBXFileReference; lastKnownFileType = image.png; path = clock.png; sourceTree = "<group>"; };
		1EA80A0C187F8B710056E299 /* clock@2x.png */ = {isa = PBXFileReference; lastKnownFileType = image.png; path = "clock@2x.png"; sourceTree = "<group>"; };
		1EA80A0D187F8B710056E299 /* list.png */ = {isa = PBXFileReference; lastKnownFileType = image.png; path = list.png; sourceTree = "<group>"; };
		1EA80A0E187F8B710056E299 /* list@2x.png */ = {isa = PBXFileReference; lastKnownFileType = image.png; path = "list@2x.png"; sourceTree = "<group>"; };
		1EB759F3186500CC00845DCE /* Ponto.app */ = {isa = PBXFileReference; explicitFileType = wrapper.application; includeInIndex = 0; path = Ponto.app; sourceTree = BUILT_PRODUCTS_DIR; };
		1EB759F6186500CC00845DCE /* Foundation.framework */ = {isa = PBXFileReference; lastKnownFileType = wrapper.framework; name = Foundation.framework; path = System/Library/Frameworks/Foundation.framework; sourceTree = SDKROOT; };
		1EB759F8186500CC00845DCE /* CoreGraphics.framework */ = {isa = PBXFileReference; lastKnownFileType = wrapper.framework; name = CoreGraphics.framework; path = System/Library/Frameworks/CoreGraphics.framework; sourceTree = SDKROOT; };
		1EB759FA186500CC00845DCE /* UIKit.framework */ = {isa = PBXFileReference; lastKnownFileType = wrapper.framework; name = UIKit.framework; path = System/Library/Frameworks/UIKit.framework; sourceTree = SDKROOT; };
		1EB75A0F186500CD00845DCE /* XCTest.framework */ = {isa = PBXFileReference; lastKnownFileType = wrapper.framework; name = XCTest.framework; path = Library/Frameworks/XCTest.framework; sourceTree = DEVELOPER_DIR; };
		1EB75A3618651E3800845DCE /* CoreData.framework */ = {isa = PBXFileReference; lastKnownFileType = wrapper.framework; name = CoreData.framework; path = System/Library/Frameworks/CoreData.framework; sourceTree = SDKROOT; };
/* End PBXFileReference section */

/* Begin PBXFrameworksBuildPhase section */
		1EB759F0186500CC00845DCE /* Frameworks */ = {
			isa = PBXFrameworksBuildPhase;
			buildActionMask = 2147483647;
			files = (
				1EB75A3718651E3800845DCE /* CoreData.framework in Frameworks */,
				1EB759F9186500CC00845DCE /* CoreGraphics.framework in Frameworks */,
				1EB759FB186500CC00845DCE /* UIKit.framework in Frameworks */,
				1EB759F7186500CC00845DCE /* Foundation.framework in Frameworks */,
			);
			runOnlyForDeploymentPostprocessing = 0;
		};
/* End PBXFrameworksBuildPhase section */

/* Begin PBXGroup section */
		1E904C94187F713C003C4105 /* CoreData */ = {
			isa = PBXGroup;
			children = (
				1E904C95187F713C003C4105 /* CoreDataModel.xcdatamodeld */,
				1E904C97187F713C003C4105 /* DayModel.h */,
				1E904C98187F713C003C4105 /* DayModel.m */,
				1E904C99187F713C003C4105 /* PontoModel.h */,
				1E904C9A187F713C003C4105 /* PontoModel.m */,
			);
			name = CoreData;
			path = Ponto/CoreData;
			sourceTree = "<group>";
		};
		1E904C9B187F713C003C4105 /* DayView */ = {
			isa = PBXGroup;
			children = (
				1E904C9C187F713C003C4105 /* DayView.h */,
				1E904C9D187F713C003C4105 /* DayView.m */,
				1E904C9E187F713C003C4105 /* DayView.xib */,
				1E904C9F187F713C003C4105 /* PontoCell */,
			);
			name = DayView;
			path = Ponto/DayView;
			sourceTree = "<group>";
		};
		1E904C9F187F713C003C4105 /* PontoCell */ = {
			isa = PBXGroup;
			children = (
				1E904CA0187F713C003C4105 /* PontoCell.h */,
				1E904CA1187F713C003C4105 /* PontoCell.m */,
				1E904CA2187F713C003C4105 /* PontoCell.xib */,
			);
			path = PontoCell;
			sourceTree = "<group>";
		};
		1E904CA3187F713C003C4105 /* MainViewController */ = {
			isa = PBXGroup;
			children = (
				1E904CA4187F713C003C4105 /* MainViewController.h */,
				1E904CA5187F713C003C4105 /* MainViewController.m */,
				1E904CA6187F713C003C4105 /* MainViewController.xib */,
			);
			name = MainViewController;
			path = Ponto/MainViewController;
			sourceTree = "<group>";
		};
		1E904CA7187F713C003C4105 /* Manager */ = {
			isa = PBXGroup;
			children = (
				1E904CA8187F713C003C4105 /* MonthManager.h */,
				1E904CA9187F713C003C4105 /* MonthManager.m */,
				1E904CAA187F713C003C4105 /* PontoManager.h */,
				1E904CAB187F713C003C4105 /* PontoManager.m */,
				1E904CAC187F713C003C4105 /* Utils.h */,
				1E904CAD187F713C003C4105 /* Utils.m */,
			);
			name = Manager;
			path = Ponto/Manager;
			sourceTree = "<group>";
		};
		1E904CAE187F713C003C4105 /* MonthView */ = {
			isa = PBXGroup;
			children = (
				1E904CAF187F713C003C4105 /* MonthCell */,
				1E904CB3187F713C003C4105 /* MonthView.h */,
				1E904CB4187F713C003C4105 /* MonthView.m */,
				1E904CB5187F713C003C4105 /* MonthView.xib */,
			);
			name = MonthView;
			path = Ponto/MonthView;
			sourceTree = "<group>";
		};
		1E904CAF187F713C003C4105 /* MonthCell */ = {
			isa = PBXGroup;
			children = (
				1E904CB0187F713C003C4105 /* MonthCell.h */,
				1E904CB1187F713C003C4105 /* MonthCell.m */,
				1E904CB2187F713C003C4105 /* MonthCell.xib */,
			);
			path = MonthCell;
			sourceTree = "<group>";
		};
		1E904CC6187F7145003C4105 /* Ponto */ = {
			isa = PBXGroup;
			children = (
				1E904CC7187F7151003C4105 /* AppDelegate.h */,
				1E904CC8187F7151003C4105 /* AppDelegate.m */,
				1E904CC9187F7151003C4105 /* main.m */,
				1E904CCC187F715B003C4105 /* en.lproj */,
				1E904CCF187F715B003C4105 /* Ponto-Info.plist */,
				1E904CD0187F715B003C4105 /* Ponto-Prefix.pch */,
			);
			name = Ponto;
			sourceTree = "<group>";
		};
		1E904CCC187F715B003C4105 /* en.lproj */ = {
			isa = PBXGroup;
			children = (
				1E904CCD187F715B003C4105 /* InfoPlist.strings */,
			);
			name = en.lproj;
			path = Ponto/Ponto/en.lproj;
			sourceTree = "<group>";
		};
		1EB759EA186500CC00845DCE = {
			isa = PBXGroup;
			children = (
				1EC7C886188F11DE005D9F89 /* images */,
				1E904CC6187F7145003C4105 /* Ponto */,
				1EB759F5186500CC00845DCE /* Frameworks */,
				1EB759F4186500CC00845DCE /* Products */,
				1E904C94187F713C003C4105 /* CoreData */,
				1E904C9B187F713C003C4105 /* DayView */,
				1E904CA3187F713C003C4105 /* MainViewController */,
				1E904CA7187F713C003C4105 /* Manager */,
				1E904CAE187F713C003C4105 /* MonthView */,
			);
			sourceTree = "<group>";
		};
		1EB759F4186500CC00845DCE /* Products */ = {
			isa = PBXGroup;
			children = (
				1EB759F3186500CC00845DCE /* Ponto.app */,
			);
			name = Products;
			sourceTree = "<group>";
		};
		1EB759F5186500CC00845DCE /* Frameworks */ = {
			isa = PBXGroup;
			children = (
				1EB75A3618651E3800845DCE /* CoreData.framework */,
				1EB759F6186500CC00845DCE /* Foundation.framework */,
				1EB759F8186500CC00845DCE /* CoreGraphics.framework */,
				1EB759FA186500CC00845DCE /* UIKit.framework */,
				1EB75A0F186500CD00845DCE /* XCTest.framework */,
			);
			name = Frameworks;
			sourceTree = "<group>";
		};
		1EC7C886188F11DE005D9F89 /* images */ = {
			isa = PBXGroup;
			children = (
				1EA80A09187F8B710056E299 /* baseBar.png */,
				1E98F9A2188DF36F006EC1E5 /* bg.png */,
				1E98F9A6188DF6F9006EC1E5 /* cellBg.png */,
				1E98F9A3188DF370006EC1E5 /* bg@2x.png */,
				1E98F9A0188DF00F006EC1E5 /* textFieldBg.png */,
				1EA80A0A187F8B710056E299 /* baseBar@2x.png */,
				1EA80A0B187F8B710056E299 /* clock.png */,
				1EA80A0C187F8B710056E299 /* clock@2x.png */,
				1EA80A0D187F8B710056E299 /* list.png */,
				1EA80A0E187F8B710056E299 /* list@2x.png */,
				1E98F994188DE0FC006EC1E5 /* backButton.png */,
				1E98F995188DE0FC006EC1E5 /* backButton@2x.png */,
				1E98F996188DE0FC006EC1E5 /* topBar@2x.png */,
				1E98F997188DE0FC006EC1E5 /* button@2x.png */,
				1E98F998188DE0FC006EC1E5 /* button.png */,
				1E98F999188DE0FC006EC1E5 /* topBar.png */,
			);
			name = images;
			sourceTree = "<group>";
		};
/* End PBXGroup section */

/* Begin PBXNativeTarget section */
		1EB759F2186500CC00845DCE /* Ponto */ = {
			isa = PBXNativeTarget;
			buildConfigurationList = 1EB75A1F186500CE00845DCE /* Build configuration list for PBXNativeTarget "Ponto" */;
			buildPhases = (
				1EB759EF186500CC00845DCE /* Sources */,
				1EB759F0186500CC00845DCE /* Frameworks */,
				1EB759F1186500CC00845DCE /* Resources */,
			);
			buildRules = (
			);
			dependencies = (
			);
			name = Ponto;
			productName = Ponto;
			productReference = 1EB759F3186500CC00845DCE /* Ponto.app */;
			productType = "com.apple.product-type.application";
		};
/* End PBXNativeTarget section */

/* Begin PBXProject section */
		1EB759EB186500CC00845DCE /* Project object */ = {
			isa = PBXProject;
			attributes = {
				LastUpgradeCheck = 0500;
				ORGANIZATIONNAME = "renan veloso silva";
			};
			buildConfigurationList = 1EB759EE186500CC00845DCE /* Build configuration list for PBXProject "Ponto" */;
			compatibilityVersion = "Xcode 3.2";
			developmentRegion = English;
			hasScannedForEncodings = 0;
			knownRegions = (
				en,
			);
			mainGroup = 1EB759EA186500CC00845DCE;
			productRefGroup = 1EB759F4186500CC00845DCE /* Products */;
			projectDirPath = "";
			projectRoot = "";
			targets = (
				1EB759F2186500CC00845DCE /* Ponto */,
			);
		};
/* End PBXProject section */

/* Begin PBXResourcesBuildPhase section */
		1EB759F1186500CC00845DCE /* Resources */ = {
			isa = PBXResourcesBuildPhase;
			buildActionMask = 2147483647;
			files = (
				1EA80A11187F8B710056E299 /* clock.png in Resources */,
				1E98F99B188DE0FC006EC1E5 /* backButton@2x.png in Resources */,
				1E904CC3187F713C003C4105 /* MonthCell.xib in Resources */,
				1E98F9A5188DF371006EC1E5 /* bg@2x.png in Resources */,
				1E904CD1187F715B003C4105 /* InfoPlist.strings in Resources */,
				1EA80A0F187F8B710056E299 /* baseBar.png in Resources */,
				1E98F99C188DE0FC006EC1E5 /* topBar@2x.png in Resources */,
				1E98F99D188DE0FC006EC1E5 /* button@2x.png in Resources */,
				1E98F99E188DE0FC006EC1E5 /* button.png in Resources */,
				1EA80A14187F8B710056E299 /* list@2x.png in Resources */,
				1EA80A10187F8B710056E299 /* baseBar@2x.png in Resources */,
				1E98F9A4188DF370006EC1E5 /* bg.png in Resources */,
				1EA80A12187F8B710056E299 /* clock@2x.png in Resources */,
				1E98F99F188DE0FC006EC1E5 /* topBar.png in Resources */,
				1E904CC5187F713C003C4105 /* MonthView.xib in Resources */,
				1E98F9A1188DF010006EC1E5 /* textFieldBg.png in Resources */,
				1E904CBC187F713C003C4105 /* PontoCell.xib in Resources */,
				1E98F99A188DE0FC006EC1E5 /* backButton.png in Resources */,
				1E98F9A7188DF6F9006EC1E5 /* cellBg.png in Resources */,
				1E904CBE187F713C003C4105 /* MainViewController.xib in Resources */,
				1EA80A13187F8B710056E299 /* list.png in Resources */,
				1E904CBA187F713C003C4105 /* DayView.xib in Resources */,
			);
			runOnlyForDeploymentPostprocessing = 0;
		};
/* End PBXResourcesBuildPhase section */

/* Begin PBXSourcesBuildPhase section */
		1EB759EF186500CC00845DCE /* Sources */ = {
			isa = PBXSourcesBuildPhase;
			buildActionMask = 2147483647;
			files = (
				1E904CCB187F7151003C4105 /* main.m in Sources */,
				1E904CC2187F713C003C4105 /* MonthCell.m in Sources */,
				1E904CC1187F713C003C4105 /* Utils.m in Sources */,
				1E904CB8187F713C003C4105 /* PontoModel.m in Sources */,
				1E904CBD187F713C003C4105 /* MainViewController.m in Sources */,
				1E904CBF187F713C003C4105 /* MonthManager.m in Sources */,
				1E904CB9187F713C003C4105 /* DayView.m in Sources */,
				1E904CC0187F713C003C4105 /* PontoManager.m in Sources */,
				1E904CB7187F713C003C4105 /* DayModel.m in Sources */,
				1E904CCA187F7151003C4105 /* AppDelegate.m in Sources */,
				1E904CB6187F713C003C4105 /* CoreDataModel.xcdatamodeld in Sources */,
				1E904CBB187F713C003C4105 /* PontoCell.m in Sources */,
				1E904CC4187F713C003C4105 /* MonthView.m in Sources */,
			);
			runOnlyForDeploymentPostprocessing = 0;
		};
/* End PBXSourcesBuildPhase section */

/* Begin PBXVariantGroup section */
		1E904CCD187F715B003C4105 /* InfoPlist.strings */ = {
			isa = PBXVariantGroup;
			children = (
				1E904CCE187F715B003C4105 /* en */,
			);
			name = InfoPlist.strings;
			sourceTree = "<group>";
		};
/* End PBXVariantGroup section */

/* Begin XCBuildConfiguration section */
		1EB75A1D186500CE00845DCE /* Debug */ = {
			isa = XCBuildConfiguration;
			buildSettings = {
				ALWAYS_SEARCH_USER_PATHS = NO;
				ARCHS = "$(ARCHS_STANDARD_INCLUDING_64_BIT)";
				CLANG_CXX_LANGUAGE_STANDARD = "gnu++0x";
				CLANG_CXX_LIBRARY = "libc++";
				CLANG_ENABLE_MODULES = YES;
				CLANG_ENABLE_OBJC_ARC = NO;
				CLANG_WARN_BOOL_CONVERSION = YES;
				CLANG_WARN_CONSTANT_CONVERSION = YES;
				CLANG_WARN_DIRECT_OBJC_ISA_USAGE = YES_ERROR;
				CLANG_WARN_EMPTY_BODY = YES;
				CLANG_WARN_ENUM_CONVERSION = YES;
				CLANG_WARN_INT_CONVERSION = YES;
				CLANG_WARN_OBJC_ROOT_CLASS = YES_ERROR;
				CLANG_WARN__DUPLICATE_METHOD_MATCH = YES;
				CODE_SIGN_IDENTITY = "iPhone Developer: Rafael Steil (9SQJCZD6ZQ)";
				"CODE_SIGN_IDENTITY[sdk=iphoneos*]" = "iPhone Developer: Rafael Steil (9SQJCZD6ZQ)";
				COPY_PHASE_STRIP = NO;
				GCC_C_LANGUAGE_STANDARD = gnu99;
				GCC_DYNAMIC_NO_PIC = NO;
				GCC_OPTIMIZATION_LEVEL = 0;
				GCC_PREPROCESSOR_DEFINITIONS = (
					"DEBUG=1",
					"$(inherited)",
				);
				GCC_SYMBOLS_PRIVATE_EXTERN = NO;
				GCC_WARN_64_TO_32_BIT_CONVERSION = YES;
				GCC_WARN_ABOUT_RETURN_TYPE = YES_ERROR;
				GCC_WARN_UNDECLARED_SELECTOR = YES;
				GCC_WARN_UNINITIALIZED_AUTOS = YES;
				GCC_WARN_UNUSED_FUNCTION = YES;
				GCC_WARN_UNUSED_VARIABLE = YES;
				IPHONEOS_DEPLOYMENT_TARGET = 5.0;
				ONLY_ACTIVE_ARCH = YES;
				PROVISIONING_PROFILE = "3BD07C7E-BDEE-4413-B4C3-71A2D4CD4F14";
				SDKROOT = iphoneos;
			};
			name = Debug;
		};
		1EB75A1E186500CE00845DCE /* Release */ = {
			isa = XCBuildConfiguration;
			buildSettings = {
				ALWAYS_SEARCH_USER_PATHS = NO;
				ARCHS = "$(ARCHS_STANDARD_INCLUDING_64_BIT)";
				CLANG_CXX_LANGUAGE_STANDARD = "gnu++0x";
				CLANG_CXX_LIBRARY = "libc++";
				CLANG_ENABLE_MODULES = YES;
				CLANG_ENABLE_OBJC_ARC = NO;
				CLANG_WARN_BOOL_CONVERSION = YES;
				CLANG_WARN_CONSTANT_CONVERSION = YES;
				CLANG_WARN_DIRECT_OBJC_ISA_USAGE = YES_ERROR;
				CLANG_WARN_EMPTY_BODY = YES;
				CLANG_WARN_ENUM_CONVERSION = YES;
				CLANG_WARN_INT_CONVERSION = YES;
				CLANG_WARN_OBJC_ROOT_CLASS = YES_ERROR;
				CLANG_WARN__DUPLICATE_METHOD_MATCH = YES;
				"CODE_SIGN_IDENTITY[sdk=iphoneos*]" = "iPhone Developer";
				COPY_PHASE_STRIP = YES;
				ENABLE_NS_ASSERTIONS = NO;
				GCC_C_LANGUAGE_STANDARD = gnu99;
				GCC_WARN_64_TO_32_BIT_CONVERSION = YES;
				GCC_WARN_ABOUT_RETURN_TYPE = YES_ERROR;
				GCC_WARN_UNDECLARED_SELECTOR = YES;
				GCC_WARN_UNINITIALIZED_AUTOS = YES;
				GCC_WARN_UNUSED_FUNCTION = YES;
				GCC_WARN_UNUSED_VARIABLE = YES;
				IPHONEOS_DEPLOYMENT_TARGET = 5.0;
				PROVISIONING_PROFILE = "3BD07C7E-BDEE-4413-B4C3-71A2D4CD4F14";
				SDKROOT = iphoneos;
				VALIDATE_PRODUCT = YES;
			};
			name = Release;
		};
		1EB75A20186500CE00845DCE /* Debug */ = {
			isa = XCBuildConfiguration;
			buildSettings = {
				ASSETCATALOG_COMPILER_APPICON_NAME = AppIcon;
				ASSETCATALOG_COMPILER_LAUNCHIMAGE_NAME = LaunchImage;
				GCC_PRECOMPILE_PREFIX_HEADER = YES;
				GCC_PREFIX_HEADER = "Ponto/Ponto/Ponto-Prefix.pch";
				INFOPLIST_FILE = "Ponto/Ponto/Ponto-Info.plist";
				PRODUCT_NAME = "$(TARGET_NAME)";
				PROVISIONING_PROFILE = "3BD07C7E-BDEE-4413-B4C3-71A2D4CD4F14";
				WRAPPER_EXTENSION = app;
			};
			name = Debug;
		};
		1EB75A21186500CE00845DCE /* Release */ = {
			isa = XCBuildConfiguration;
			buildSettings = {
				ASSETCATALOG_COMPILER_APPICON_NAME = AppIcon;
				ASSETCATALOG_COMPILER_LAUNCHIMAGE_NAME = LaunchImage;
				GCC_PRECOMPILE_PREFIX_HEADER = YES;
				GCC_PREFIX_HEADER = "Ponto/Ponto/Ponto-Prefix.pch";
				INFOPLIST_FILE = "Ponto/Ponto/Ponto-Info.plist";
				PRODUCT_NAME = "$(TARGET_NAME)";
				PROVISIONING_PROFILE = "3BD07C7E-BDEE-4413-B4C3-71A2D4CD4F14";
				WRAPPER_EXTENSION = app;
			};
			name = Release;
		};
/* End XCBuildConfiguration section */

/* Begin XCConfigurationList section */
		1EB759EE186500CC00845DCE /* Build configuration list for PBXProject "Ponto" */ = {
			isa = XCConfigurationList;
			buildConfigurations = (
				1EB75A1D186500CE00845DCE /* Debug */,
				1EB75A1E186500CE00845DCE /* Release */,
			);
			defaultConfigurationIsVisible = 0;
			defaultConfigurationName = Release;
		};
		1EB75A1F186500CE00845DCE /* Build configuration list for PBXNativeTarget "Ponto" */ = {
			isa = XCConfigurationList;
			buildConfigurations = (
				1EB75A20186500CE00845DCE /* Debug */,
				1EB75A21186500CE00845DCE /* Release */,
			);
			defaultConfigurationIsVisible = 0;
			defaultConfigurationName = Release;
		};
/* End XCConfigurationList section */

/* Begin XCVersionGroup section */
		1E904C95187F713C003C4105 /* CoreDataModel.xcdatamodeld */ = {
			isa = XCVersionGroup;
			children = (
				1E904C96187F713C003C4105 /* CoreDataModel.xcdatamodel */,
			);
			currentVersion = 1E904C96187F713C003C4105 /* CoreDataModel.xcdatamodel */;
			path = CoreDataModel.xcdatamodeld;
			sourceTree = "<group>";
			versionGroupType = wrapper.xcdatamodel;
		};
/* End XCVersionGroup section */
	};
	rootObject = 1EB759EB186500CC00845DCE /* Project object */;
}
